// !$*UTF8*$!
{
	archiveVersion = 1;
	classes = {
	};
	objectVersion = 50;
	objects = {

/* Begin PBXBuildFile section */
		0487224C21C2CECF00285C8D /* AppDelegate.swift in Sources */ = {isa = PBXBuildFile; fileRef = 0487224B21C2CECF00285C8D /* AppDelegate.swift */; };
		0487224E21C2CECF00285C8D /* ViewController.swift in Sources */ = {isa = PBXBuildFile; fileRef = 0487224D21C2CECF00285C8D /* ViewController.swift */; };
		0487225121C2CECF00285C8D /* Main.storyboard in Resources */ = {isa = PBXBuildFile; fileRef = 0487224F21C2CECF00285C8D /* Main.storyboard */; };
		0487225421C2CECF00285C8D /* flashCard1.xcdatamodeld in Sources */ = {isa = PBXBuildFile; fileRef = 0487225221C2CECF00285C8D /* flashCard1.xcdatamodeld */; };
		0487225621C2CEF200285C8D /* Assets.xcassets in Resources */ = {isa = PBXBuildFile; fileRef = 0487225521C2CEF200285C8D /* Assets.xcassets */; };
		0487225921C2CEF200285C8D /* LaunchScreen.storyboard in Resources */ = {isa = PBXBuildFile; fileRef = 0487225721C2CEF200285C8D /* LaunchScreen.storyboard */; };
/* End PBXBuildFile section */

/* Begin PBXFileReference section */
		0487224821C2CECF00285C8D /* flashCard1.app */ = {isa = PBXFileReference; explicitFileType = wrapper.application; includeInIndex = 0; path = flashCard1.app; sourceTree = BUILT_PRODUCTS_DIR; };
		0487224B21C2CECF00285C8D /* AppDelegate.swift */ = {isa = PBXFileReference; lastKnownFileType = sourcecode.swift; path = AppDelegate.swift; sourceTree = "<group>"; };
		0487224D21C2CECF00285C8D /* ViewController.swift */ = {isa = PBXFileReference; lastKnownFileType = sourcecode.swift; path = ViewController.swift; sourceTree = "<group>"; };
		0487225021C2CECF00285C8D /* Base */ = {isa = PBXFileReference; lastKnownFileType = file.storyboard; name = Base; path = Base.lproj/Main.storyboard; sourceTree = "<group>"; };
		0487225321C2CECF00285C8D /* flashCard1.xcdatamodel */ = {isa = PBXFileReference; lastKnownFileType = wrapper.xcdatamodel; path = flashCard1.xcdatamodel; sourceTree = "<group>"; };
		0487225521C2CEF200285C8D /* Assets.xcassets */ = {isa = PBXFileReference; lastKnownFileType = folder.assetcatalog; path = Assets.xcassets; sourceTree = "<group>"; };
		0487225821C2CEF200285C8D /* Base */ = {isa = PBXFileReference; lastKnownFileType = file.storyboard; name = Base; path = Base.lproj/LaunchScreen.storyboard; sourceTree = "<group>"; };
		0487225A21C2CEF200285C8D /* Info.plist */ = {isa = PBXFileReference; lastKnownFileType = text.plist.xml; path = Info.plist; sourceTree = "<group>"; };
/* End PBXFileReference section */

/* Begin PBXFrameworksBuildPhase section */
		0487224521C2CECF00285C8D /* Frameworks */ = {
			isa = PBXFrameworksBuildPhase;
			buildActionMask = 2147483647;
			files = (
			);
			runOnlyForDeploymentPostprocessing = 0;
		};
/* End PBXFrameworksBuildPhase section */

/* Begin PBXGroup section */
		0487223F21C2CECF00285C8D = {
			isa = PBXGroup;
			children = (
				0487224A21C2CECF00285C8D /* flashCard1 */,
				0487224921C2CECF00285C8D /* Products */,
			);
			sourceTree = "<group>";
		};
		0487224921C2CECF00285C8D /* Products */ = {
			isa = PBXGroup;
			children = (
				0487224821C2CECF00285C8D /* flashCard1.app */,
			);
			name = Products;
			sourceTree = "<group>";
		};
		0487224A21C2CECF00285C8D /* flashCard1 */ = {
			isa = PBXGroup;
			children = (
				0487224B21C2CECF00285C8D /* AppDelegate.swift */,
				0487224D21C2CECF00285C8D /* ViewController.swift */,
				0487224F21C2CECF00285C8D /* Main.storyboard */,
				0487225521C2CEF200285C8D /* Assets.xcassets */,
				0487225721C2CEF200285C8D /* LaunchScreen.storyboard */,
				0487225A21C2CEF200285C8D /* Info.plist */,
				0487225221C2CECF00285C8D /* flashCard1.xcdatamodeld */,
			);
			path = flashCard1;
			sourceTree = "<group>";
		};
/* End PBXGroup section */

/* Begin PBXNativeTarget section */
		0487224721C2CECF00285C8D /* flashCard1 */ = {
			isa = PBXNativeTarget;
			buildConfigurationList = 0487225D21C2CEF200285C8D /* Build configuration list for PBXNativeTarget "flashCard1" */;
			buildPhases = (
				0487224421C2CECF00285C8D /* Sources */,
				0487224521C2CECF00285C8D /* Frameworks */,
				0487224621C2CECF00285C8D /* Resources */,
			);
			buildRules = (
			);
			dependencies = (
			);
			name = flashCard1;
			productName = flashCard1;
			productReference = 0487224821C2CECF00285C8D /* flashCard1.app */;
			productType = "com.apple.product-type.application";
		};
/* End PBXNativeTarget section */

/* Begin PBXProject section */
		0487224021C2CECF00285C8D /* Project object */ = {
			isa = PBXProject;
			attributes = {
				LastSwiftUpdateCheck = 1000;
				LastUpgradeCheck = 1000;
				ORGANIZATIONNAME = mac;
				TargetAttributes = {
					0487224721C2CECF00285C8D = {
						CreatedOnToolsVersion = 10.0;
					};
				};
			};
			buildConfigurationList = 0487224321C2CECF00285C8D /* Build configuration list for PBXProject "flashCard1" */;
			compatibilityVersion = "Xcode 9.3";
			developmentRegion = en;
			hasScannedForEncodings = 0;
			knownRegions = (
				en,
				Base,
			);
			mainGroup = 0487223F21C2CECF00285C8D;
			productRefGroup = 0487224921C2CECF00285C8D /* Products */;
			projectDirPath = "";
			projectRoot = "";
			targets = (
				0487224721C2CECF00285C8D /* flashCard1 */,
			);
		};
/* End PBXProject section */

/* Begin PBXResourcesBuildPhase section */
		0487224621C2CECF00285C8D /* Resources */ = {
			isa = PBXResourcesBuildPhase;
			buildActionMask = 2147483647;
			files = (
				0487225921C2CEF200285C8D /* LaunchScreen.storyboard in Resources */,
				0487225621C2CEF200285C8D /* Assets.xcassets in Resources */,
				0487225121C2CECF00285C8D /* Main.storyboard in Resources */,
			);
			runOnlyForDeploymentPostprocessing = 0;
		};
/* End PBXResourcesBuildPhase section */

/* Begin PBXSourcesBuildPhase section */
		0487224421C2CECF00285C8D /* Sources */ = {
			isa = PBXSourcesBuildPhase;
			buildActionMask = 2147483647;
			files = (
				0487224E21C2CECF00285C8D /* ViewController.swift in Sources */,
				0487224C21C2CECF00285C8D /* AppDelegate.swift in Sources */,
				0487225421C2CECF00285C8D /* flashCard1.xcdatamodeld in Sources */,
			);
			runOnlyForDeploymentPostprocessing = 0;
		};
/* End PBXSourcesBuildPhase section */

/* Begin PBXVariantGroup section */
		0487224F21C2CECF00285C8D /* Main.storyboard */ = {
			isa = PBXVariantGroup;
			children = (
				0487225021C2CECF00285C8D /* Base */,
			);
			name = Main.storyboard;
			sourceTree = "<group>";
		};
		0487225721C2CEF200285C8D /* LaunchScreen.storyboard */ = {
			isa = PBXVariantGroup;
			children = (
				0487225821C2CEF200285C8D /* Base */,
			);
			name = LaunchScreen.storyboard;
			sourceTree = "<group>";
		};
/* End PBXVariantGroup section */

/* Begin XCBuildConfiguration section */
		0487225B21C2CEF200285C8D /* Debug */ = {
			isa = XCBuildConfiguration;
			buildSettings = {
				ALWAYS_SEARCH_USER_PATHS = NO;
				CLANG_ANALYZER_NONNULL = YES;
				CLANG_ANALYZER_NUMBER_OBJECT_CONVERSION = YES_AGGRESSIVE;
				CLANG_CXX_LANGUAGE_STANDARD = "gnu++14";
				CLANG_CXX_LIBRARY = "libc++";
				CLANG_ENABLE_MODULES = YES;
				CLANG_ENABLE_OBJC_ARC = YES;
				CLANG_ENABLE_OBJC_WEAK = YES;
				CLANG_WARN_BLOCK_CAPTURE_AUTORELEASING = YES;
				CLANG_WARN_BOOL_CONVERSION = YES;
				CLANG_WARN_COMMA = YES;
				CLANG_WARN_CONSTANT_CONVERSION = YES;
				CLANG_WARN_DEPRECATED_OBJC_IMPLEMENTATIONS = YES;
				CLANG_WARN_DIRECT_OBJC_ISA_USAGE = YES_ERROR;
				CLANG_WARN_DOCUMENTATION_COMMENTS = YES;
				CLANG_WARN_EMPTY_BODY = YES;
				CLANG_WARN_ENUM_CONVERSION = YES;
				CLANG_WARN_INFINITE_RECURSION = YES;
				CLANG_WARN_INT_CONVERSION = YES;
				CLANG_WARN_NON_LITERAL_NULL_CONVERSION = YES;
				CLANG_WARN_OBJC_IMPLICIT_RETAIN_SELF = YES;
				CLANG_WARN_OBJC_LITERAL_CONVERSION = YES;
				CLANG_WARN_OBJC_ROOT_CLASS = YES_ERROR;
				CLANG_WARN_RANGE_LOOP_ANALYSIS = YES;
				CLANG_WARN_STRICT_PROTOTYPES = YES;
				CLANG_WARN_SUSPICIOUS_MOVE = YES;
				CLANG_WARN_UNGUARDED_AVAILABILITY = YES_AGGRESSIVE;
				CLANG_WARN_UNREACHABLE_CODE = YES;
				CLANG_WARN__DUPLICATE_METHOD_MATCH = YES;
				CODE_SIGN_IDENTITY = "iPhone Developer";
				COPY_PHASE_STRIP = NO;
				DEBUG_INFORMATION_FORMAT = dwarf;
				ENABLE_STRICT_OBJC_MSGSEND = YES;
				ENABLE_TESTABILITY = YES;
				GCC_C_LANGUAGE_STANDARD = gnu11;
				GCC_DYNAMIC_NO_PIC = NO;
				GCC_NO_COMMON_BLOCKS = YES;
				GCC_OPTIMIZATION_LEVEL = 0;
				GCC_PREPROCESSOR_DEFINITIONS = (
					"DEBUG=1",
					"$(inherited)",
				);
				GCC_WARN_64_TO_32_BIT_CONVERSION = YES;
				GCC_WARN_ABOUT_RETURN_TYPE = YES_ERROR;
				GCC_WARN_UNDECLARED_SELECTOR = YES;
				GCC_WARN_UNINITIALIZED_AUTOS = YES_AGGRESSIVE;
				GCC_WARN_UNUSED_FUNCTION = YES;
				GCC_WARN_UNUSED_VARIABLE = YES;
				IPHONEOS_DEPLOYMENT_TARGET = 12.0;
				MTL_ENABLE_DEBUG_INFO = INCLUDE_SOURCE;
				MTL_FAST_MATH = YES;
				ONLY_ACTIVE_ARCH = YES;
				SDKROOT = iphoneos;
				SWIFT_ACTIVE_COMPILATION_CONDITIONS = DEBUG;
				SWIFT_OPTIMIZATION_LEVEL = "-Onone";
			};
			name = Debug;
		};
		0487225C21C2CEF200285C8D /* Release */ = {
			isa = XCBuildConfiguration;
			buildSettings = {
				ALWAYS_SEARCH_USER_PATHS = NO;
				CLANG_ANALYZER_NONNULL = YES;
				CLANG_ANALYZER_NUMBER_OBJECT_CONVERSION = YES_AGGRESSIVE;
				CLANG_CXX_LANGUAGE_STANDARD = "gnu++14";
				CLANG_CXX_LIBRARY = "libc++";
				CLANG_ENABLE_MODULES = YES;
				CLANG_ENABLE_OBJC_ARC = YES;
				CLANG_ENABLE_OBJC_WEAK = YES;
				CLANG_WARN_BLOCK_CAPTURE_AUTORELEASING = YES;
				CLANG_WARN_BOOL_CONVERSION = YES;
				CLANG_WARN_COMMA = YES;
				CLANG_WARN_CONSTANT_CONVERSION = YES;
				CLANG_WARN_DEPRECATED_OBJC_IMPLEMENTATIONS = YES;
				CLANG_WARN_DIRECT_OBJC_ISA_USAGE = YES_ERROR;
				CLANG_WARN_DOCUMENTATION_COMMENTS = YES;
				CLANG_WARN_EMPTY_BODY = YES;
				CLANG_WARN_ENUM_CONVERSION = YES;
				CLANG_WARN_INFINITE_RECURSION = YES;
				CLANG_WARN_INT_CONVERSION = YES;
				CLANG_WARN_NON_LITERAL_NULL_CONVERSION = YES;
				CLANG_WARN_OBJC_IMPLICIT_RETAIN_SELF = YES;
				CLANG_WARN_OBJC_LITERAL_CONVERSION = YES;
				CLANG_WARN_OBJC_ROOT_CLASS = YES_ERROR;
				CLANG_WARN_RANGE_LOOP_ANALYSIS = YES;
				CLANG_WARN_STRICT_PROTOTYPES = YES;
				CLANG_WARN_SUSPICIOUS_MOVE = YES;
				CLANG_WARN_UNGUARDED_AVAILABILITY = YES_AGGRESSIVE;
				CLANG_WARN_UNREACHABLE_CODE = YES;
				CLANG_WARN__DUPLICATE_METHOD_MATCH = YES;
				CODE_SIGN_IDENTITY = "iPhone Developer";
				COPY_PHASE_STRIP = NO;
				DEBUG_INFORMATION_FORMAT = "dwarf-with-dsym";
				ENABLE_NS_ASSERTIONS = NO;
				ENABLE_STRICT_OBJC_MSGSEND = YES;
				GCC_C_LANGUAGE_STANDARD = gnu11;
				GCC_NO_COMMON_BLOCKS = YES;
				GCC_WARN_64_TO_32_BIT_CONVERSION = YES;
				GCC_WARN_ABOUT_RETURN_TYPE = YES_ERROR;
				GCC_WARN_UNDECLARED_SELECTOR = YES;
				GCC_WARN_UNINITIALIZED_AUTOS = YES_AGGRESSIVE;
				GCC_WARN_UNUSED_FUNCTION = YES;
				GCC_WARN_UNUSED_VARIABLE = YES;
				IPHONEOS_DEPLOYMENT_TARGET = 12.0;
				MTL_ENABLE_DEBUG_INFO = NO;
				MTL_FAST_MATH = YES;
				SDKROOT = iphoneos;
				SWIFT_COMPILATION_MODE = wholemodule;
				SWIFT_OPTIMIZATION_LEVEL = "-O";
				VALIDATE_PRODUCT = YES;
			};
			name = Release;
		};
		0487225E21C2CEF200285C8D /* Debug */ = {
			isa = XCBuildConfiguration;
			buildSettings = {
				ASSETCATALOG_COMPILER_APPICON_NAME = AppIcon;
				CODE_SIGN_STYLE = Automatic;
				INFOPLIST_FILE = flashCard1/Info.plist;
				LD_RUNPATH_SEARCH_PATHS = (
					"$(inherited)",
					"@executable_path/Frameworks",
				);
				PRODUCT_BUNDLE_IDENTIFIER = com.oki.flashCard1;
				PRODUCT_NAME = "$(TARGET_NAME)";
				SWIFT_VERSION = 4.2;
				TARGETED_DEVICE_FAMILY = "1,2";
			};
			name = Debug;
		};
		0487225F21C2CEF200285C8D /* Release */ = {
			isa = XCBuildConfiguration;
			buildSettings = {
				ASSETCATALOG_COMPILER_APPICON_NAME = AppIcon;
				CODE_SIGN_STYLE = Automatic;
				INFOPLIST_FILE = flashCard1/Info.plist;
				LD_RUNPATH_SEARCH_PATHS = (
					"$(inherited)",
					"@executable_path/Frameworks",
				);
				PRODUCT_BUNDLE_IDENTIFIER = com.oki.flashCard1;
				PRODUCT_NAME = "$(TARGET_NAME)";
				SWIFT_VERSION = 4.2;
				TARGETED_DEVICE_FAMILY = "1,2";
			};
			name = Release;
		};
/* End XCBuildConfiguration section */

/* Begin XCConfigurationList section */
		0487224321C2CECF00285C8D /* Build configuration list for PBXProject "flashCard1" */ = {
			isa = XCConfigurationList;
			buildConfigurations = (
				0487225B21C2CEF200285C8D /* Debug */,
				0487225C21C2CEF200285C8D /* Release */,
			);
			defaultConfigurationIsVisible = 0;
			defaultConfigurationName = Release;
		};
		0487225D21C2CEF200285C8D /* Build configuration list for PBXNativeTarget "flashCard1" */ = {
			isa = XCConfigurationList;
			buildConfigurations = (
				0487225E21C2CEF200285C8D /* Debug */,
				0487225F21C2CEF200285C8D /* Release */,
			);
			defaultConfigurationIsVisible = 0;
			defaultConfigurationName = Release;
		};
/* End XCConfigurationList section */

/* Begin XCVersionGroup section */
		0487225221C2CECF00285C8D /* flashCard1.xcdatamodeld */ = {
			isa = XCVersionGroup;
			children = (
				0487225321C2CECF00285C8D /* flashCard1.xcdatamodel */,
			);
			currentVersion = 0487225321C2CECF00285C8D /* flashCard1.xcdatamodel */;
			path = flashCard1.xcdatamodeld;
			sourceTree = "<group>";
			versionGroupType = wrapper.xcdatamodel;
		};
/* End XCVersionGroup section */
	};
	rootObject = 0487224021C2CECF00285C8D /* Project object */;
}
